
Microsoft Visual Studio Solution File, Format Version 12.00
# Visual Studio Version 17
VisualStudioVersion = 17.0.31903.59
MinimumVisualStudioVersion = 10.0.40219.1
Project("{2150E333-8FDC-42A3-9474-1A3956D46DE8}") = "src", "src", "{827E0CD3-B72D-47B6-A68D-7590B98EB39B}"
EndProject
Project("{FAE04EC0-301F-11D3-BF4B-00C04F79EFBC}") = "FlexDir.Core", "src\FlexDir.Core\FlexDir.Core.csproj", "{03D5941F-FB48-4AA1-B294-8BEEFE964728}"
EndProject
Project("{FAE04EC0-301F-11D3-BF4B-00C04F79EFBC}") = "FlexDir.Shell", "src\FlexDir.Shell\FlexDir.Shell.csproj", "{6A4D96B7-3454-42D7-835D-39BC6B375F44}"
EndProject
Project("{FAE04EC0-301F-11D3-BF4B-00C04F79EFBC}") = "FlexDir.App", "src\FlexDir.App\FlexDir.App.csproj", "{262A99C3-538C-4330-9D06-9F2837E46667}"
EndProject
Project("{FAE04EC0-301F-11D3-BF4B-00C04F79EFBC}") = "FlexDir.Host", "src\FlexDir.Host\FlexDir.Host.csproj", "{82738B80-485D-4E8C-9FE0-371D70C0F72C}"
EndProject
Project("{FAE04EC0-301F-11D3-BF4B-00C04F79EFBC}") = "FlexDir.Core.Tests", "tests\FlexDir.Core.Tests\FlexDir.Core.Tests.csproj", "{62470D6F-8082-4CBF-9AD1-0F926DA811F3}"
EndProject
Project("{FAE04EC0-301F-11D3-BF4B-00C04F79EFBC}") = "FlexDir.App.Tests", "tests\FlexDir.App.Tests\FlexDir.App.Tests.csproj", "{90FCD282-2183-4E01-91B2-C6A4DF614B11}"
EndProject
Project("{2150E333-8FDC-42A3-9474-1A3956D46DE8}") = "tests", "tests", "{0AB3BF05-4346-4AA6-1389-037BE0695223}"
EndProject
Project("{FAE04EC0-301F-11D3-BF4B-00C04F79EFBC}") = "FlexDir.Shell.Tests", "tests\FlexDir.Shell.Tests\FlexDir.Shell.Tests.csproj", "{F49B543B-6E79-4464-9827-EB1D0D9502E6}"
EndProject
Global
	GlobalSection(SolutionConfigurationPlatforms) = preSolution
		Debug|Any CPU = Debug|Any CPU
		Debug|x64 = Debug|x64
		Debug|x86 = Debug|x86
		Release|Any CPU = Release|Any CPU
		Release|x64 = Release|x64
		Release|x86 = Release|x86
	EndGlobalSection
	GlobalSection(ProjectConfigurationPlatforms) = postSolution
		{03D5941F-FB48-4AA1-B294-8BEEFE964728}.Debug|Any CPU.ActiveCfg = Debug|Any CPU
		{03D5941F-FB48-4AA1-B294-8BEEFE964728}.Debug|Any CPU.Build.0 = Debug|Any CPU
		{03D5941F-FB48-4AA1-B294-8BEEFE964728}.Debug|x64.ActiveCfg = Debug|Any CPU
		{03D5941F-FB48-4AA1-B294-8BEEFE964728}.Debug|x64.Build.0 = Debug|Any CPU
		{03D5941F-FB48-4AA1-B294-8BEEFE964728}.Debug|x86.ActiveCfg = Debug|Any CPU
		{03D5941F-FB48-4AA1-B294-8BEEFE964728}.Debug|x86.Build.0 = Debug|Any CPU
		{03D5941F-FB48-4AA1-B294-8BEEFE964728}.Release|Any CPU.ActiveCfg = Release|Any CPU
		{03D5941F-FB48-4AA1-B294-8BEEFE964728}.Release|Any CPU.Build.0 = Release|Any CPU
		{03D5941F-FB48-4AA1-B294-8BEEFE964728}.Release|x64.ActiveCfg = Release|Any CPU
		{03D5941F-FB48-4AA1-B294-8BEEFE964728}.Release|x64.Build.0 = Release|Any CPU
		{03D5941F-FB48-4AA1-B294-8BEEFE964728}.Release|x86.ActiveCfg = Release|Any CPU
		{03D5941F-FB48-4AA1-B294-8BEEFE964728}.Release|x86.Build.0 = Release|Any CPU
		{6A4D96B7-3454-42D7-835D-39BC6B375F44}.Debug|Any CPU.ActiveCfg = Debug|Any CPU
		{6A4D96B7-3454-42D7-835D-39BC6B375F44}.Debug|Any CPU.Build.0 = Debug|Any CPU
		{6A4D96B7-3454-42D7-835D-39BC6B375F44}.Debug|x64.ActiveCfg = Debug|Any CPU
		{6A4D96B7-3454-42D7-835D-39BC6B375F44}.Debug|x64.Build.0 = Debug|Any CPU
		{6A4D96B7-3454-42D7-835D-39BC6B375F44}.Debug|x86.ActiveCfg = Debug|Any CPU
		{6A4D96B7-3454-42D7-835D-39BC6B375F44}.Debug|x86.Build.0 = Debug|Any CPU
		{6A4D96B7-3454-42D7-835D-39BC6B375F44}.Release|Any CPU.ActiveCfg = Release|Any CPU
		{6A4D96B7-3454-42D7-835D-39BC6B375F44}.Release|Any CPU.Build.0 = Release|Any CPU
		{6A4D96B7-3454-42D7-835D-39BC6B375F44}.Release|x64.ActiveCfg = Release|Any CPU
		{6A4D96B7-3454-42D7-835D-39BC6B375F44}.Release|x64.Build.0 = Release|Any CPU
		{6A4D96B7-3454-42D7-835D-39BC6B375F44}.Release|x86.ActiveCfg = Release|Any CPU
		{6A4D96B7-3454-42D7-835D-39BC6B375F44}.Release|x86.Build.0 = Release|Any CPU
		{262A99C3-538C-4330-9D06-9F2837E46667}.Debug|Any CPU.ActiveCfg = Debug|Any CPU
		{262A99C3-538C-4330-9D06-9F2837E46667}.Debug|Any CPU.Build.0 = Debug|Any CPU
		{262A99C3-538C-4330-9D06-9F2837E46667}.Debug|x64.ActiveCfg = Debug|Any CPU
		{262A99C3-538C-4330-9D06-9F2837E46667}.Debug|x64.Build.0 = Debug|Any CPU
		{262A99C3-538C-4330-9D06-9F2837E46667}.Debug|x86.ActiveCfg = Debug|Any CPU
		{262A99C3-538C-4330-9D06-9F2837E46667}.Debug|x86.Build.0 = Debug|Any CPU
		{262A99C3-538C-4330-9D06-9F2837E46667}.Release|Any CPU.ActiveCfg = Release|Any CPU
		{262A99C3-538C-4330-9D06-9F2837E46667}.Release|Any CPU.Build.0 = Release|Any CPU
		{262A99C3-538C-4330-9D06-9F2837E46667}.Release|x64.ActiveCfg = Release|Any CPU
		{262A99C3-538C-4330-9D06-9F2837E46667}.Release|x64.Build.0 = Release|Any CPU
		{262A99C3-538C-4330-9D06-9F2837E46667}.Release|x86.ActiveCfg = Release|Any CPU
		{262A99C3-538C-4330-9D06-9F2837E46667}.Release|x86.Build.0 = Release|Any CPU
		{82738B80-485D-4E8C-9FE0-371D70C0F72C}.Debug|Any CPU.ActiveCfg = Debug|Any CPU
		{82738B80-485D-4E8C-9FE0-371D70C0F72C}.Debug|Any CPU.Build.0 = Debug|Any CPU
		{82738B80-485D-4E8C-9FE0-371D70C0F72C}.Debug|x64.ActiveCfg = Debug|Any CPU
		{82738B80-485D-4E8C-9FE0-371D70C0F72C}.Debug|x64.Build.0 = Debug|Any CPU
		{82738B80-485D-4E8C-9FE0-371D70C0F72C}.Debug|x86.ActiveCfg = Debug|Any CPU
		{82738B80-485D-4E8C-9FE0-371D70C0F72C}.Debug|x86.Build.0 = Debug|Any CPU
		{82738B80-485D-4E8C-9FE0-371D70C0F72C}.Release|Any CPU.ActiveCfg = Release|Any CPU
		{82738B80-485D-4E8C-9FE0-371D70C0F72C}.Release|Any CPU.Build.0 = Release|Any CPU
		{82738B80-485D-4E8C-9FE0-371D70C0F72C}.Release|x64.ActiveCfg = Release|Any CPU
		{82738B80-485D-4E8C-9FE0-371D70C0F72C}.Release|x64.Build.0 = Release|Any CPU
		{82738B80-485D-4E8C-9FE0-371D70C0F72C}.Release|x86.ActiveCfg = Release|Any CPU
		{82738B80-485D-4E8C-9FE0-371D70C0F72C}.Release|x86.Build.0 = Release|Any CPU
		{62470D6F-8082-4CBF-9AD1-0F926DA811F3}.Debug|Any CPU.ActiveCfg = Debug|Any CPU
		{62470D6F-8082-4CBF-9AD1-0F926DA811F3}.Debug|Any CPU.Build.0 = Debug|Any CPU
		{62470D6F-8082-4CBF-9AD1-0F926DA811F3}.Debug|x64.ActiveCfg = Debug|Any CPU
		{62470D6F-8082-4CBF-9AD1-0F926DA811F3}.Debug|x64.Build.0 = Debug|Any CPU
		{62470D6F-8082-4CBF-9AD1-0F926DA811F3}.Debug|x86.ActiveCfg = Debug|Any CPU
		{62470D6F-8082-4CBF-9AD1-0F926DA811F3}.Debug|x86.Build.0 = Debug|Any CPU
		{62470D6F-8082-4CBF-9AD1-0F926DA811F3}.Release|Any CPU.ActiveCfg = Release|Any CPU
		{62470D6F-8082-4CBF-9AD1-0F926DA811F3}.Release|Any CPU.Build.0 = Release|Any CPU
		{62470D6F-8082-4CBF-9AD1-0F926DA811F3}.Release|x64.ActiveCfg = Release|Any CPU
		{62470D6F-8082-4CBF-9AD1-0F926DA811F3}.Release|x64.Build.0 = Release|Any CPU
		{62470D6F-8082-4CBF-9AD1-0F926DA811F3}.Release|x86.ActiveCfg = Release|Any CPU
		{62470D6F-8082-4CBF-9AD1-0F926DA811F3}.Release|x86.Build.0 = Release|Any CPU
		{90FCD282-2183-4E01-91B2-C6A4DF614B11}.Debug|Any CPU.ActiveCfg = Debug|Any CPU
		{90FCD282-2183-4E01-91B2-C6A4DF614B11}.Debug|Any CPU.Build.0 = Debug|Any CPU
		{90FCD282-2183-4E01-91B2-C6A4DF614B11}.Debug|x64.ActiveCfg = Debug|Any CPU
		{90FCD282-2183-4E01-91B2-C6A4DF614B11}.Debug|x64.Build.0 = Debug|Any CPU
		{90FCD282-2183-4E01-91B2-C6A4DF614B11}.Debug|x86.ActiveCfg = Debug|Any CPU
		{90FCD282-2183-4E01-91B2-C6A4DF614B11}.Debug|x86.Build.0 = Debug|Any CPU
		{90FCD282-2183-4E01-91B2-C6A4DF614B11}.Release|Any CPU.ActiveCfg = Release|Any CPU
		{90FCD282-2183-4E01-91B2-C6A4DF614B11}.Release|Any CPU.Build.0 = Release|Any CPU
		{90FCD282-2183-4E01-91B2-C6A4DF614B11}.Release|x64.ActiveCfg = Release|Any CPU
		{90FCD282-2183-4E01-91B2-C6A4DF614B11}.Release|x64.Build.0 = Release|Any CPU
		{90FCD282-2183-4E01-91B2-C6A4DF614B11}.Release|x86.ActiveCfg = Release|Any CPU
		{90FCD282-2183-4E01-91B2-C6A4DF614B11}.Release|x86.Build.0 = Release|Any CPU
		{F49B543B-6E79-4464-9827-EB1D0D9502E6}.Debug|Any CPU.ActiveCfg = Debug|Any CPU
		{F49B543B-6E79-4464-9827-EB1D0D9502E6}.Debug|Any CPU.Build.0 = Debug|Any CPU
		{F49B543B-6E79-4464-9827-EB1D0D9502E6}.Debug|x64.ActiveCfg = Debug|Any CPU
		{F49B543B-6E79-4464-9827-EB1D0D9502E6}.Debug|x64.Build.0 = Debug|Any CPU
		{F49B543B-6E79-4464-9827-EB1D0D9502E6}.Debug|x86.ActiveCfg = Debug|Any CPU
		{F49B543B-6E79-4464-9827-EB1D0D9502E6}.Debug|x86.Build.0 = Debug|Any CPU
		{F49B543B-6E79-4464-9827-EB1D0D9502E6}.Release|Any CPU.ActiveCfg = Release|Any CPU
		{F49B543B-6E79-4464-9827-EB1D0D9502E6}.Release|Any CPU.Build.0 = Release|Any CPU
		{F49B543B-6E79-4464-9827-EB1D0D9502E6}.Release|x64.ActiveCfg = Release|Any CPU
		{F49B543B-6E79-4464-9827-EB1D0D9502E6}.Release|x64.Build.0 = Release|Any CPU
		{F49B543B-6E79-4464-9827-EB1D0D9502E6}.Release|x86.ActiveCfg = Release|Any CPU
		{F49B543B-6E79-4464-9827-EB1D0D9502E6}.Release|x86.Build.0 = Release|Any CPU
	EndGlobalSection
	GlobalSection(SolutionProperties) = preSolution
		HideSolutionNode = FALSE
	EndGlobalSection
	GlobalSection(NestedProjects) = preSolution
		{03D5941F-FB48-4AA1-B294-8BEEFE964728} = {827E0CD3-B72D-47B6-A68D-7590B98EB39B}
		{6A4D96B7-3454-42D7-835D-39BC6B375F44} = {827E0CD3-B72D-47B6-A68D-7590B98EB39B}
		{262A99C3-538C-4330-9D06-9F2837E46667} = {827E0CD3-B72D-47B6-A68D-7590B98EB39B}
		{82738B80-485D-4E8C-9FE0-371D70C0F72C} = {827E0CD3-B72D-47B6-A68D-7590B98EB39B}
		{62470D6F-8082-4CBF-9AD1-0F926DA811F3} = {827E0CD3-B72D-47B6-A68D-7590B98EB39B}
		{90FCD282-2183-4E01-91B2-C6A4DF614B11} = {827E0CD3-B72D-47B6-A68D-7590B98EB39B}
		{F49B543B-6E79-4464-9827-EB1D0D9502E6} = {0AB3BF05-4346-4AA6-1389-037BE0695223}
	EndGlobalSection
EndGlobal
